// !$*UTF8*$!
{
	archiveVersion = 1;
	classes = {
	};
	objectVersion = 46;
	objects = {

/* Begin PBXBuildFile section */
		2064E3701DD5D5010019CACB /* SwiftClass.swift in Sources */ = {isa = PBXBuildFile; fileRef = 2064E36F1DD5D5010019CACB /* SwiftClass.swift */; };
		20B194341DD4BCC300F84CD4 /* SomeClass.m in Sources */ = {isa = PBXBuildFile; fileRef = 20B194331DD4BCC300F84CD4 /* SomeClass.m */; };
		20E16DF11DC0F4C2006C7628 /* AppDelegate.swift in Sources */ = {isa = PBXBuildFile; fileRef = 20E16DF01DC0F4C2006C7628 /* AppDelegate.swift */; };
		20E16DF31DC0F4C2006C7628 /* ViewController.swift in Sources */ = {isa = PBXBuildFile; fileRef = 20E16DF21DC0F4C2006C7628 /* ViewController.swift */; };
		20E16DF61DC0F4C2006C7628 /* Main.storyboard in Resources */ = {isa = PBXBuildFile; fileRef = 20E16DF41DC0F4C2006C7628 /* Main.storyboard */; };
		20E16DF81DC0F4C2006C7628 /* Assets.xcassets in Resources */ = {isa = PBXBuildFile; fileRef = 20E16DF71DC0F4C2006C7628 /* Assets.xcassets */; };
		20E16DFB1DC0F4C2006C7628 /* LaunchScreen.storyboard in Resources */ = {isa = PBXBuildFile; fileRef = 20E16DF91DC0F4C2006C7628 /* LaunchScreen.storyboard */; };
		20E16E061DC0F4C2006C7628 /* TestProjectTests.swift in Sources */ = {isa = PBXBuildFile; fileRef = 20E16E051DC0F4C2006C7628 /* TestProjectTests.swift */; };
		20E16E111DC0F4C2006C7628 /* TestProjectUITests.swift in Sources */ = {isa = PBXBuildFile; fileRef = 20E16E101DC0F4C2006C7628 /* TestProjectUITests.swift */; };
		20EAB2551DD5D80700045018 /* NewClass.m in Sources */ = {isa = PBXBuildFile; fileRef = 20EAB2541DD5D80700045018 /* NewClass.m */; };
		6125E792AA949C3A16D67AA3 /* libPods-TestProject.a in Frameworks */ = {isa = PBXBuildFile; fileRef = 9C12449E7CEC0A7CB9E1490E /* libPods-TestProject.a */; };
/* End PBXBuildFile section */

/* Begin PBXContainerItemProxy section */
		20E16E021DC0F4C2006C7628 /* PBXContainerItemProxy */ = {
			isa = PBXContainerItemProxy;
			containerPortal = 20E16DE51DC0F4C2006C7628 /* Project object */;
			proxyType = 1;
			remoteGlobalIDString = 20E16DEC1DC0F4C2006C7628;
			remoteInfo = TestProject;
		};
		20E16E0D1DC0F4C2006C7628 /* PBXContainerItemProxy */ = {
			isa = PBXContainerItemProxy;
			containerPortal = 20E16DE51DC0F4C2006C7628 /* Project object */;
			proxyType = 1;
			remoteGlobalIDString = 20E16DEC1DC0F4C2006C7628;
			remoteInfo = TestProject;
		};
/* End PBXContainerItemProxy section */

/* Begin PBXFileReference section */
		040CCBBA6D0C803767682A44 /* Pods-TestProject.release.xcconfig */ = {isa = PBXFileReference; includeInIndex = 1; lastKnownFileType = text.xcconfig; name = "Pods-TestProject.release.xcconfig"; path = "Pods/Target Support Files/Pods-TestProject/Pods-TestProject.release.xcconfig"; sourceTree = "<group>"; };
		2064E36F1DD5D5010019CACB /* SwiftClass.swift */ = {isa = PBXFileReference; fileEncoding = 4; lastKnownFileType = sourcecode.swift; path = SwiftClass.swift; sourceTree = "<group>"; };
		209DC9381DC33CDB002BC012 /* libc++.1.tbd */ = {isa = PBXFileReference; lastKnownFileType = "sourcecode.text-based-dylib-definition"; name = "libc++.1.tbd"; path = "usr/lib/libc++.1.tbd"; sourceTree = SDKROOT; };
		209DC9391DC33CDB002BC012 /* libc++abi.tbd */ = {isa = PBXFileReference; lastKnownFileType = "sourcecode.text-based-dylib-definition"; name = "libc++abi.tbd"; path = "usr/lib/libc++abi.tbd"; sourceTree = SDKROOT; };
		209DC93A1DC33CDB002BC012 /* libstdc++.6.0.9.tbd */ = {isa = PBXFileReference; lastKnownFileType = "sourcecode.text-based-dylib-definition"; name = "libstdc++.6.0.9.tbd"; path = "usr/lib/libstdc++.6.0.9.tbd"; sourceTree = SDKROOT; };
		209DC93B1DC33CDB002BC012 /* libstdc++.6.tbd */ = {isa = PBXFileReference; lastKnownFileType = "sourcecode.text-based-dylib-definition"; name = "libstdc++.6.tbd"; path = "usr/lib/libstdc++.6.tbd"; sourceTree = SDKROOT; };
		209DC93C1DC33CDB002BC012 /* libstdc++.tbd */ = {isa = PBXFileReference; lastKnownFileType = "sourcecode.text-based-dylib-definition"; name = "libstdc++.tbd"; path = "usr/lib/libstdc++.tbd"; sourceTree = SDKROOT; };
		20B193FA1DD4B37E00F84CD4 /* TestProject-Bridging-Header.h */ = {isa = PBXFileReference; lastKnownFileType = sourcecode.c.h; path = "TestProject-Bridging-Header.h"; sourceTree = "<group>"; };
		20B194321DD4BC8000F84CD4 /* SomeClass.h */ = {isa = PBXFileReference; lastKnownFileType = sourcecode.c.h; path = SomeClass.h; sourceTree = "<group>"; };
		20B194331DD4BCC300F84CD4 /* SomeClass.m */ = {isa = PBXFileReference; fileEncoding = 4; lastKnownFileType = sourcecode.c.objc; path = SomeClass.m; sourceTree = "<group>"; };
		20E16DED1DC0F4C2006C7628 /* TestProject.app */ = {isa = PBXFileReference; explicitFileType = wrapper.application; includeInIndex = 0; path = TestProject.app; sourceTree = BUILT_PRODUCTS_DIR; };
		20E16DF01DC0F4C2006C7628 /* AppDelegate.swift */ = {isa = PBXFileReference; lastKnownFileType = sourcecode.swift; path = AppDelegate.swift; sourceTree = "<group>"; };
		20E16DF21DC0F4C2006C7628 /* ViewController.swift */ = {isa = PBXFileReference; lastKnownFileType = sourcecode.swift; path = ViewController.swift; sourceTree = "<group>"; };
		20E16DF51DC0F4C2006C7628 /* Base */ = {isa = PBXFileReference; lastKnownFileType = file.storyboard; name = Base; path = Base.lproj/Main.storyboard; sourceTree = "<group>"; };
		20E16DF71DC0F4C2006C7628 /* Assets.xcassets */ = {isa = PBXFileReference; lastKnownFileType = folder.assetcatalog; path = Assets.xcassets; sourceTree = "<group>"; };
		20E16DFA1DC0F4C2006C7628 /* Base */ = {isa = PBXFileReference; lastKnownFileType = file.storyboard; name = Base; path = Base.lproj/LaunchScreen.storyboard; sourceTree = "<group>"; };
		20E16DFC1DC0F4C2006C7628 /* Info.plist */ = {isa = PBXFileReference; lastKnownFileType = text.plist.xml; path = Info.plist; sourceTree = "<group>"; };
		20E16E011DC0F4C2006C7628 /* TestProjectTests.xctest */ = {isa = PBXFileReference; explicitFileType = wrapper.cfbundle; includeInIndex = 0; path = TestProjectTests.xctest; sourceTree = BUILT_PRODUCTS_DIR; };
		20E16E051DC0F4C2006C7628 /* TestProjectTests.swift */ = {isa = PBXFileReference; lastKnownFileType = sourcecode.swift; path = TestProjectTests.swift; sourceTree = "<group>"; };
		20E16E071DC0F4C2006C7628 /* Info.plist */ = {isa = PBXFileReference; lastKnownFileType = text.plist.xml; path = Info.plist; sourceTree = "<group>"; };
		20E16E0C1DC0F4C2006C7628 /* TestProjectUITests.xctest */ = {isa = PBXFileReference; explicitFileType = wrapper.cfbundle; includeInIndex = 0; path = TestProjectUITests.xctest; sourceTree = BUILT_PRODUCTS_DIR; };
		20E16E101DC0F4C2006C7628 /* TestProjectUITests.swift */ = {isa = PBXFileReference; lastKnownFileType = sourcecode.swift; path = TestProjectUITests.swift; sourceTree = "<group>"; };
		20E16E121DC0F4C2006C7628 /* Info.plist */ = {isa = PBXFileReference; lastKnownFileType = text.plist.xml; path = Info.plist; sourceTree = "<group>"; };
		20E16E281DC0F8C3006C7628 /* libc++.tbd */ = {isa = PBXFileReference; lastKnownFileType = "sourcecode.text-based-dylib-definition"; name = "libc++.tbd"; path = "usr/lib/libc++.tbd"; sourceTree = SDKROOT; };
		20EAB2531DD5D7DE00045018 /* NewClass.h */ = {isa = PBXFileReference; lastKnownFileType = sourcecode.c.h; path = NewClass.h; sourceTree = "<group>"; };
		20EAB2541DD5D80700045018 /* NewClass.m */ = {isa = PBXFileReference; fileEncoding = 4; lastKnownFileType = sourcecode.c.objc; path = NewClass.m; sourceTree = "<group>"; };
		9C12449E7CEC0A7CB9E1490E /* libPods-TestProject.a */ = {isa = PBXFileReference; explicitFileType = archive.ar; includeInIndex = 0; path = "libPods-TestProject.a"; sourceTree = BUILT_PRODUCTS_DIR; };
		CA33AFB8B706A966EF47C7E6 /* Pods-TestProject.debug.xcconfig */ = {isa = PBXFileReference; includeInIndex = 1; lastKnownFileType = text.xcconfig; name = "Pods-TestProject.debug.xcconfig"; path = "Pods/Target Support Files/Pods-TestProject/Pods-TestProject.debug.xcconfig"; sourceTree = "<group>"; };
/* End PBXFileReference section */

/* Begin PBXFrameworksBuildPhase section */
		20E16DEA1DC0F4C2006C7628 /* Frameworks */ = {
			isa = PBXFrameworksBuildPhase;
			buildActionMask = 2147483647;
			files = (
				6125E792AA949C3A16D67AA3 /* libPods-TestProject.a in Frameworks */,
			);
			runOnlyForDeploymentPostprocessing = 0;
		};
		20E16DFE1DC0F4C2006C7628 /* Frameworks */ = {
			isa = PBXFrameworksBuildPhase;
			buildActionMask = 2147483647;
			files = (
			);
			runOnlyForDeploymentPostprocessing = 0;
		};
		20E16E091DC0F4C2006C7628 /* Frameworks */ = {
			isa = PBXFrameworksBuildPhase;
			buildActionMask = 2147483647;
			files = (
			);
			runOnlyForDeploymentPostprocessing = 0;
		};
/* End PBXFrameworksBuildPhase section */

/* Begin PBXGroup section */
		20E16DE41DC0F4C2006C7628 = {
			isa = PBXGroup;
			children = (
				20E16DEF1DC0F4C2006C7628 /* TestProject */,
				20E16E041DC0F4C2006C7628 /* TestProjectTests */,
				20E16E0F1DC0F4C2006C7628 /* TestProjectUITests */,
				20E16DEE1DC0F4C2006C7628 /* Products */,
				20E16E271DC0F8C3006C7628 /* Frameworks */,
				C4F44097E6A80885082681EC /* Pods */,
			);
			sourceTree = "<group>";
		};
		20E16DEE1DC0F4C2006C7628 /* Products */ = {
			isa = PBXGroup;
			children = (
				20E16DED1DC0F4C2006C7628 /* TestProject.app */,
				20E16E011DC0F4C2006C7628 /* TestProjectTests.xctest */,
				20E16E0C1DC0F4C2006C7628 /* TestProjectUITests.xctest */,
			);
			name = Products;
			sourceTree = "<group>";
		};
		20E16DEF1DC0F4C2006C7628 /* TestProject */ = {
			isa = PBXGroup;
			children = (
				20E16DF01DC0F4C2006C7628 /* AppDelegate.swift */,
				20E16DF21DC0F4C2006C7628 /* ViewController.swift */,
				20B193FA1DD4B37E00F84CD4 /* TestProject-Bridging-Header.h */,
				20E16DF41DC0F4C2006C7628 /* Main.storyboard */,
				20E16DF71DC0F4C2006C7628 /* Assets.xcassets */,
				20E16DF91DC0F4C2006C7628 /* LaunchScreen.storyboard */,
				20E16DFC1DC0F4C2006C7628 /* Info.plist */,
				20B194321DD4BC8000F84CD4 /* SomeClass.h */,
				20B194331DD4BCC300F84CD4 /* SomeClass.m */,
				2064E36F1DD5D5010019CACB /* SwiftClass.swift */,
				20EAB2531DD5D7DE00045018 /* NewClass.h */,
				20EAB2541DD5D80700045018 /* NewClass.m */,
			);
			path = TestProject;
			sourceTree = "<group>";
		};
		20E16E041DC0F4C2006C7628 /* TestProjectTests */ = {
			isa = PBXGroup;
			children = (
				20E16E051DC0F4C2006C7628 /* TestProjectTests.swift */,
				20E16E071DC0F4C2006C7628 /* Info.plist */,
			);
			path = TestProjectTests;
			sourceTree = "<group>";
		};
		20E16E0F1DC0F4C2006C7628 /* TestProjectUITests */ = {
			isa = PBXGroup;
			children = (
				20E16E101DC0F4C2006C7628 /* TestProjectUITests.swift */,
				20E16E121DC0F4C2006C7628 /* Info.plist */,
			);
			path = TestProjectUITests;
			sourceTree = "<group>";
		};
		20E16E271DC0F8C3006C7628 /* Frameworks */ = {
			isa = PBXGroup;
			children = (
				209DC9381DC33CDB002BC012 /* libc++.1.tbd */,
				209DC9391DC33CDB002BC012 /* libc++abi.tbd */,
				209DC93A1DC33CDB002BC012 /* libstdc++.6.0.9.tbd */,
				209DC93B1DC33CDB002BC012 /* libstdc++.6.tbd */,
				209DC93C1DC33CDB002BC012 /* libstdc++.tbd */,
				20E16E281DC0F8C3006C7628 /* libc++.tbd */,
				9C12449E7CEC0A7CB9E1490E /* libPods-TestProject.a */,
			);
			name = Frameworks;
			sourceTree = "<group>";
		};
		C4F44097E6A80885082681EC /* Pods */ = {
			isa = PBXGroup;
			children = (
				CA33AFB8B706A966EF47C7E6 /* Pods-TestProject.debug.xcconfig */,
				040CCBBA6D0C803767682A44 /* Pods-TestProject.release.xcconfig */,
			);
			name = Pods;
			sourceTree = "<group>";
		};
/* End PBXGroup section */

/* Begin PBXNativeTarget section */
		20E16DEC1DC0F4C2006C7628 /* TestProject */ = {
			isa = PBXNativeTarget;
			buildConfigurationList = 20E16E151DC0F4C2006C7628 /* Build configuration list for PBXNativeTarget "TestProject" */;
			buildPhases = (
				05DF1541012E06760094FE98 /* [CP] Check Pods Manifest.lock */,
				20E16DE91DC0F4C2006C7628 /* Sources */,
				20E16DEA1DC0F4C2006C7628 /* Frameworks */,
				20E16DEB1DC0F4C2006C7628 /* Resources */,
				E9B04CF0C72A7FB1C43A6DDE /* [CP] Embed Pods Frameworks */,
				E3FA8880CD3F109AC06B19EF /* [CP] Copy Pods Resources */,
			);
			buildRules = (
			);
			dependencies = (
			);
			name = TestProject;
			productName = TestProject;
			productReference = 20E16DED1DC0F4C2006C7628 /* TestProject.app */;
			productType = "com.apple.product-type.application";
		};
		20E16E001DC0F4C2006C7628 /* TestProjectTests */ = {
			isa = PBXNativeTarget;
			buildConfigurationList = 20E16E181DC0F4C2006C7628 /* Build configuration list for PBXNativeTarget "TestProjectTests" */;
			buildPhases = (
				20E16DFD1DC0F4C2006C7628 /* Sources */,
				20E16DFE1DC0F4C2006C7628 /* Frameworks */,
				20E16DFF1DC0F4C2006C7628 /* Resources */,
			);
			buildRules = (
			);
			dependencies = (
				20E16E031DC0F4C2006C7628 /* PBXTargetDependency */,
			);
			name = TestProjectTests;
			productName = TestProjectTests;
			productReference = 20E16E011DC0F4C2006C7628 /* TestProjectTests.xctest */;
			productType = "com.apple.product-type.bundle.unit-test";
		};
		20E16E0B1DC0F4C2006C7628 /* TestProjectUITests */ = {
			isa = PBXNativeTarget;
			buildConfigurationList = 20E16E1B1DC0F4C2006C7628 /* Build configuration list for PBXNativeTarget "TestProjectUITests" */;
			buildPhases = (
				20E16E081DC0F4C2006C7628 /* Sources */,
				20E16E091DC0F4C2006C7628 /* Frameworks */,
				20E16E0A1DC0F4C2006C7628 /* Resources */,
			);
			buildRules = (
			);
			dependencies = (
				20E16E0E1DC0F4C2006C7628 /* PBXTargetDependency */,
			);
			name = TestProjectUITests;
			productName = TestProjectUITests;
			productReference = 20E16E0C1DC0F4C2006C7628 /* TestProjectUITests.xctest */;
			productType = "com.apple.product-type.bundle.ui-testing";
		};
/* End PBXNativeTarget section */

/* Begin PBXProject section */
		20E16DE51DC0F4C2006C7628 /* Project object */ = {
			isa = PBXProject;
			attributes = {
				LastSwiftUpdateCheck = 0800;
				LastUpgradeCheck = 0800;
				ORGANIZATIONNAME = "Gijs van Veen";
				TargetAttributes = {
					20E16DEC1DC0F4C2006C7628 = {
						CreatedOnToolsVersion = 8.0;
						DevelopmentTeam = AT6C5M7MHQ;
						LastSwiftMigration = 0800;
						ProvisioningStyle = Automatic;
					};
					20E16E001DC0F4C2006C7628 = {
						CreatedOnToolsVersion = 8.0;
						ProvisioningStyle = Automatic;
						TestTargetID = 20E16DEC1DC0F4C2006C7628;
					};
					20E16E0B1DC0F4C2006C7628 = {
						CreatedOnToolsVersion = 8.0;
						ProvisioningStyle = Automatic;
						TestTargetID = 20E16DEC1DC0F4C2006C7628;
					};
				};
			};
			buildConfigurationList = 20E16DE81DC0F4C2006C7628 /* Build configuration list for PBXProject "TestProject" */;
			compatibilityVersion = "Xcode 3.2";
			developmentRegion = English;
			hasScannedForEncodings = 0;
			knownRegions = (
				en,
				Base,
			);
			mainGroup = 20E16DE41DC0F4C2006C7628;
			productRefGroup = 20E16DEE1DC0F4C2006C7628 /* Products */;
			projectDirPath = "";
			projectRoot = "";
			targets = (
				20E16DEC1DC0F4C2006C7628 /* TestProject */,
				20E16E001DC0F4C2006C7628 /* TestProjectTests */,
				20E16E0B1DC0F4C2006C7628 /* TestProjectUITests */,
			);
		};
/* End PBXProject section */

/* Begin PBXResourcesBuildPhase section */
		20E16DEB1DC0F4C2006C7628 /* Resources */ = {
			isa = PBXResourcesBuildPhase;
			buildActionMask = 2147483647;
			files = (
				20E16DFB1DC0F4C2006C7628 /* LaunchScreen.storyboard in Resources */,
				20E16DF81DC0F4C2006C7628 /* Assets.xcassets in Resources */,
				20E16DF61DC0F4C2006C7628 /* Main.storyboard in Resources */,
			);
			runOnlyForDeploymentPostprocessing = 0;
		};
		20E16DFF1DC0F4C2006C7628 /* Resources */ = {
			isa = PBXResourcesBuildPhase;
			buildActionMask = 2147483647;
			files = (
			);
			runOnlyForDeploymentPostprocessing = 0;
		};
		20E16E0A1DC0F4C2006C7628 /* Resources */ = {
			isa = PBXResourcesBuildPhase;
			buildActionMask = 2147483647;
			files = (
			);
			runOnlyForDeploymentPostprocessing = 0;
		};
/* End PBXResourcesBuildPhase section */

/* Begin PBXShellScriptBuildPhase section */
		05DF1541012E06760094FE98 /* [CP] Check Pods Manifest.lock */ = {
			isa = PBXShellScriptBuildPhase;
			buildActionMask = 2147483647;
			files = (
			);
			inputPaths = (
			);
			name = "[CP] Check Pods Manifest.lock";
			outputPaths = (
			);
			runOnlyForDeploymentPostprocessing = 0;
			shellPath = /bin/sh;
			shellScript = "diff \"${PODS_ROOT}/../Podfile.lock\" \"${PODS_ROOT}/Manifest.lock\" > /dev/null\nif [ $? != 0 ] ; then\n    # print error to STDERR\n    echo \"error: The sandbox is not in sync with the Podfile.lock. Run 'pod install' or update your CocoaPods installation.\" >&2\n    exit 1\nfi\n";
			showEnvVarsInLog = 0;
		};
		E3FA8880CD3F109AC06B19EF /* [CP] Copy Pods Resources */ = {
			isa = PBXShellScriptBuildPhase;
			buildActionMask = 2147483647;
			files = (
			);
			inputPaths = (
			);
			name = "[CP] Copy Pods Resources";
			outputPaths = (
			);
			runOnlyForDeploymentPostprocessing = 0;
			shellPath = /bin/sh;
			shellScript = "\"${SRCROOT}/Pods/Target Support Files/Pods-TestProject/Pods-TestProject-resources.sh\"\n";
			showEnvVarsInLog = 0;
		};
		E9B04CF0C72A7FB1C43A6DDE /* [CP] Embed Pods Frameworks */ = {
			isa = PBXShellScriptBuildPhase;
			buildActionMask = 2147483647;
			files = (
			);
			inputPaths = (
			);
			name = "[CP] Embed Pods Frameworks";
			outputPaths = (
			);
			runOnlyForDeploymentPostprocessing = 0;
			shellPath = /bin/sh;
			shellScript = "\"${SRCROOT}/Pods/Target Support Files/Pods-TestProject/Pods-TestProject-frameworks.sh\"\n";
			showEnvVarsInLog = 0;
		};
/* End PBXShellScriptBuildPhase section */

/* Begin PBXSourcesBuildPhase section */
		20E16DE91DC0F4C2006C7628 /* Sources */ = {
			isa = PBXSourcesBuildPhase;
			buildActionMask = 2147483647;
			files = (
				20E16DF31DC0F4C2006C7628 /* ViewController.swift in Sources */,
				20B194341DD4BCC300F84CD4 /* SomeClass.m in Sources */,
				2064E3701DD5D5010019CACB /* SwiftClass.swift in Sources */,
				20EAB2551DD5D80700045018 /* NewClass.m in Sources */,
				20E16DF11DC0F4C2006C7628 /* AppDelegate.swift in Sources */,
			);
			runOnlyForDeploymentPostprocessing = 0;
		};
		20E16DFD1DC0F4C2006C7628 /* Sources */ = {
			isa = PBXSourcesBuildPhase;
			buildActionMask = 2147483647;
			files = (
				20E16E061DC0F4C2006C7628 /* TestProjectTests.swift in Sources */,
			);
			runOnlyForDeploymentPostprocessing = 0;
		};
		20E16E081DC0F4C2006C7628 /* Sources */ = {
			isa = PBXSourcesBuildPhase;
			buildActionMask = 2147483647;
			files = (
				20E16E111DC0F4C2006C7628 /* TestProjectUITests.swift in Sources */,
			);
			runOnlyForDeploymentPostprocessing = 0;
		};
/* End PBXSourcesBuildPhase section */

/* Begin PBXTargetDependency section */
		20E16E031DC0F4C2006C7628 /* PBXTargetDependency */ = {
			isa = PBXTargetDependency;
			target = 20E16DEC1DC0F4C2006C7628 /* TestProject */;
			targetProxy = 20E16E021DC0F4C2006C7628 /* PBXContainerItemProxy */;
		};
		20E16E0E1DC0F4C2006C7628 /* PBXTargetDependency */ = {
			isa = PBXTargetDependency;
			target = 20E16DEC1DC0F4C2006C7628 /* TestProject */;
			targetProxy = 20E16E0D1DC0F4C2006C7628 /* PBXContainerItemProxy */;
		};
/* End PBXTargetDependency section */

/* Begin PBXVariantGroup section */
		20E16DF41DC0F4C2006C7628 /* Main.storyboard */ = {
			isa = PBXVariantGroup;
			children = (
				20E16DF51DC0F4C2006C7628 /* Base */,
			);
			name = Main.storyboard;
			sourceTree = "<group>";
		};
		20E16DF91DC0F4C2006C7628 /* LaunchScreen.storyboard */ = {
			isa = PBXVariantGroup;
			children = (
				20E16DFA1DC0F4C2006C7628 /* Base */,
			);
			name = LaunchScreen.storyboard;
			sourceTree = "<group>";
		};
/* End PBXVariantGroup section */

/* Begin XCBuildConfiguration section */
		20E16E131DC0F4C2006C7628 /* Debug */ = {
			isa = XCBuildConfiguration;
			buildSettings = {
				ALWAYS_SEARCH_USER_PATHS = NO;
				CLANG_ANALYZER_NONNULL = YES;
				CLANG_CXX_LANGUAGE_STANDARD = "gnu++0x";
				CLANG_CXX_LIBRARY = "libc++";
				CLANG_ENABLE_MODULES = YES;
				CLANG_ENABLE_OBJC_ARC = YES;
				CLANG_WARN_BOOL_CONVERSION = YES;
				CLANG_WARN_CONSTANT_CONVERSION = YES;
				CLANG_WARN_DIRECT_OBJC_ISA_USAGE = YES_ERROR;
				CLANG_WARN_DOCUMENTATION_COMMENTS = YES;
				CLANG_WARN_EMPTY_BODY = YES;
				CLANG_WARN_ENUM_CONVERSION = YES;
				CLANG_WARN_INFINITE_RECURSION = YES;
				CLANG_WARN_INT_CONVERSION = YES;
				CLANG_WARN_OBJC_ROOT_CLASS = YES_ERROR;
				CLANG_WARN_SUSPICIOUS_MOVES = YES;
				CLANG_WARN_UNREACHABLE_CODE = YES;
				CLANG_WARN__DUPLICATE_METHOD_MATCH = YES;
				"CODE_SIGN_IDENTITY[sdk=iphoneos*]" = "iPhone Developer";
				COPY_PHASE_STRIP = NO;
				DEBUG_INFORMATION_FORMAT = dwarf;
				ENABLE_STRICT_OBJC_MSGSEND = YES;
				ENABLE_TESTABILITY = YES;
				GCC_C_LANGUAGE_STANDARD = gnu99;
				GCC_DYNAMIC_NO_PIC = NO;
				GCC_INPUT_FILETYPE = sourcecode.cpp.objcpp;
				GCC_NO_COMMON_BLOCKS = YES;
				GCC_OPTIMIZATION_LEVEL = 0;
				GCC_PREPROCESSOR_DEFINITIONS = (
					"DEBUG=1",
					"$(inherited)",
				);
				GCC_WARN_64_TO_32_BIT_CONVERSION = YES;
				GCC_WARN_ABOUT_RETURN_TYPE = YES_ERROR;
				GCC_WARN_UNDECLARED_SELECTOR = YES;
				GCC_WARN_UNINITIALIZED_AUTOS = YES_AGGRESSIVE;
				GCC_WARN_UNUSED_FUNCTION = YES;
				GCC_WARN_UNUSED_VARIABLE = YES;
				IPHONEOS_DEPLOYMENT_TARGET = 10.0;
				MTL_ENABLE_DEBUG_INFO = YES;
				ONLY_ACTIVE_ARCH = YES;
				SDKROOT = iphoneos;
				SWIFT_ACTIVE_COMPILATION_CONDITIONS = DEBUG;
				SWIFT_OPTIMIZATION_LEVEL = "-Onone";
				TARGETED_DEVICE_FAMILY = "1,2";
			};
			name = Debug;
		};
		20E16E141DC0F4C2006C7628 /* Release */ = {
			isa = XCBuildConfiguration;
			buildSettings = {
				ALWAYS_SEARCH_USER_PATHS = NO;
				CLANG_ANALYZER_NONNULL = YES;
				CLANG_CXX_LANGUAGE_STANDARD = "gnu++0x";
				CLANG_CXX_LIBRARY = "libc++";
				CLANG_ENABLE_MODULES = YES;
				CLANG_ENABLE_OBJC_ARC = YES;
				CLANG_WARN_BOOL_CONVERSION = YES;
				CLANG_WARN_CONSTANT_CONVERSION = YES;
				CLANG_WARN_DIRECT_OBJC_ISA_USAGE = YES_ERROR;
				CLANG_WARN_DOCUMENTATION_COMMENTS = YES;
				CLANG_WARN_EMPTY_BODY = YES;
				CLANG_WARN_ENUM_CONVERSION = YES;
				CLANG_WARN_INFINITE_RECURSION = YES;
				CLANG_WARN_INT_CONVERSION = YES;
				CLANG_WARN_OBJC_ROOT_CLASS = YES_ERROR;
				CLANG_WARN_SUSPICIOUS_MOVES = YES;
				CLANG_WARN_UNREACHABLE_CODE = YES;
				CLANG_WARN__DUPLICATE_METHOD_MATCH = YES;
				"CODE_SIGN_IDENTITY[sdk=iphoneos*]" = "iPhone Developer";
				COPY_PHASE_STRIP = NO;
				DEBUG_INFORMATION_FORMAT = "dwarf-with-dsym";
				ENABLE_NS_ASSERTIONS = NO;
				ENABLE_STRICT_OBJC_MSGSEND = YES;
				GCC_C_LANGUAGE_STANDARD = gnu99;
				GCC_INPUT_FILETYPE = sourcecode.cpp.objcpp;
				GCC_NO_COMMON_BLOCKS = YES;
				GCC_WARN_64_TO_32_BIT_CONVERSION = YES;
				GCC_WARN_ABOUT_RETURN_TYPE = YES_ERROR;
				GCC_WARN_UNDECLARED_SELECTOR = YES;
				GCC_WARN_UNINITIALIZED_AUTOS = YES_AGGRESSIVE;
				GCC_WARN_UNUSED_FUNCTION = YES;
				GCC_WARN_UNUSED_VARIABLE = YES;
				IPHONEOS_DEPLOYMENT_TARGET = 10.0;
				MTL_ENABLE_DEBUG_INFO = NO;
				SDKROOT = iphoneos;
				SWIFT_OPTIMIZATION_LEVEL = "-Owholemodule";
				TARGETED_DEVICE_FAMILY = "1,2";
				VALIDATE_PRODUCT = YES;
			};
			name = Release;
		};
		20E16E161DC0F4C2006C7628 /* Debug */ = {
			isa = XCBuildConfiguration;
			baseConfigurationReference = CA33AFB8B706A966EF47C7E6 /* Pods-TestProject.debug.xcconfig */;
			buildSettings = {
				ASSETCATALOG_COMPILER_APPICON_NAME = AppIcon;
				CLANG_CXX_LANGUAGE_STANDARD = "gnu++0x";
				CLANG_CXX_LIBRARY = "libc++";
				CLANG_ENABLE_MODULES = YES;
				DEVELOPMENT_TEAM = AT6C5M7MHQ;
				GCC_INPUT_FILETYPE = sourcecode.cpp.objcpp;
				INFOPLIST_FILE = TestProject/Info.plist;
				LD_RUNPATH_SEARCH_PATHS = "$(inherited) @executable_path/Frameworks";
				PRODUCT_BUNDLE_IDENTIFIER = Tacx.TestProject;
				PRODUCT_NAME = "$(TARGET_NAME)";
				SWIFT_INSTALL_OBJC_HEADER = YES;
				SWIFT_OBJC_BRIDGING_HEADER = "TestProject/TestProject-Bridging-Header.h";
				SWIFT_OPTIMIZATION_LEVEL = "-Onone";
				SWIFT_REFLECTION_METADATA_LEVEL = all;
				SWIFT_VERSION = 3.0;
			};
			name = Debug;
		};
		20E16E171DC0F4C2006C7628 /* Release */ = {
			isa = XCBuildConfiguration;
			baseConfigurationReference = 040CCBBA6D0C803767682A44 /* Pods-TestProject.release.xcconfig */;
			buildSettings = {
				ASSETCATALOG_COMPILER_APPICON_NAME = AppIcon;
				CLANG_CXX_LANGUAGE_STANDARD = "gnu++0x";
				CLANG_CXX_LIBRARY = "libc++";
				CLANG_ENABLE_MODULES = YES;
				DEVELOPMENT_TEAM = AT6C5M7MHQ;
				GCC_INPUT_FILETYPE = sourcecode.cpp.objcpp;
				INFOPLIST_FILE = TestProject/Info.plist;
				LD_RUNPATH_SEARCH_PATHS = "$(inherited) @executable_path/Frameworks";
				PRODUCT_BUNDLE_IDENTIFIER = Tacx.TestProject;
				PRODUCT_NAME = "$(TARGET_NAME)";
				SWIFT_INSTALL_OBJC_HEADER = YES;
				SWIFT_OBJC_BRIDGING_HEADER = "TestProject/TestProject-Bridging-Header.h";
				SWIFT_REFLECTION_METADATA_LEVEL = all;
				SWIFT_VERSION = 3.0;
			};
			name = Release;
		};
		20E16E191DC0F4C2006C7628 /* Debug */ = {
			isa = XCBuildConfiguration;
			buildSettings = {
				ALWAYS_EMBED_SWIFT_STANDARD_LIBRARIES = YES;
				BUNDLE_LOADER = "$(TEST_HOST)";
				INFOPLIST_FILE = TestProjectTests/Info.plist;
				LD_RUNPATH_SEARCH_PATHS = "$(inherited) @executable_path/Frameworks @loader_path/Frameworks";
				PRODUCT_BUNDLE_IDENTIFIER = Tacx.TestProjectTests;
				PRODUCT_NAME = "$(TARGET_NAME)";
				SWIFT_VERSION = 3.0;
				TEST_HOST = "$(BUILT_PRODUCTS_DIR)/TestProject.app/TestProject";
			};
			name = Debug;
		};
		20E16E1A1DC0F4C2006C7628 /* Release */ = {
			isa = XCBuildConfiguration;
			buildSettings = {
				ALWAYS_EMBED_SWIFT_STANDARD_LIBRARIES = YES;
				BUNDLE_LOADER = "$(TEST_HOST)";
				INFOPLIST_FILE = TestProjectTests/Info.plist;
				LD_RUNPATH_SEARCH_PATHS = "$(inherited) @executable_path/Frameworks @loader_path/Frameworks";
				PRODUCT_BUNDLE_IDENTIFIER = Tacx.TestProjectTests;
				PRODUCT_NAME = "$(TARGET_NAME)";
				SWIFT_VERSION = 3.0;
				TEST_HOST = "$(BUILT_PRODUCTS_DIR)/TestProject.app/TestProject";
			};
			name = Release;
		};
		20E16E1C1DC0F4C2006C7628 /* Debug */ = {
			isa = XCBuildConfiguration;
			buildSettings = {
				ALWAYS_EMBED_SWIFT_STANDARD_LIBRARIES = YES;
				INFOPLIST_FILE = TestProjectUITests/Info.plist;
				LD_RUNPATH_SEARCH_PATHS = "$(inherited) @executable_path/Frameworks @loader_path/Frameworks";
				PRODUCT_BUNDLE_IDENTIFIER = Tacx.TestProjectUITests;
				PRODUCT_NAME = "$(TARGET_NAME)";
				SWIFT_VERSION = 3.0;
				TEST_TARGET_NAME = TestProject;
			};
			name = Debug;
		};
		20E16E1D1DC0F4C2006C7628 /* Release */ = {
			isa = XCBuildConfiguration;
			buildSettings = {
				ALWAYS_EMBED_SWIFT_STANDARD_LIBRARIES = YES;
				INFOPLIST_FILE = TestProjectUITests/Info.plist;
				LD_RUNPATH_SEARCH_PATHS = "$(inherited) @executable_path/Frameworks @loader_path/Frameworks";
				PRODUCT_BUNDLE_IDENTIFIER = Tacx.TestProjectUITests;
				PRODUCT_NAME = "$(TARGET_NAME)";
				SWIFT_VERSION = 3.0;
				TEST_TARGET_NAME = TestProject;
			};
			name = Release;
		};
/* End XCBuildConfiguration section */

/* Begin XCConfigurationList section */
		20E16DE81DC0F4C2006C7628 /* Build configuration list for PBXProject "TestProject" */ = {
			isa = XCConfigurationList;
			buildConfigurations = (
				20E16E131DC0F4C2006C7628 /* Debug */,
				20E16E141DC0F4C2006C7628 /* Release */,
			);
			defaultConfigurationIsVisible = 0;
			defaultConfigurationName = Release;
		};
		20E16E151DC0F4C2006C7628 /* Build configuration list for PBXNativeTarget "TestProject" */ = {
			isa = XCConfigurationList;
			buildConfigurations = (
				20E16E161DC0F4C2006C7628 /* Debug */,
				20E16E171DC0F4C2006C7628 /* Release */,
			);
			defaultConfigurationIsVisible = 0;
			defaultConfigurationName = Release;
		};
		20E16E181DC0F4C2006C7628 /* Build configuration list for PBXNativeTarget "TestProjectTests" */ = {
			isa = XCConfigurationList;
			buildConfigurations = (
				20E16E191DC0F4C2006C7628 /* Debug */,
				20E16E1A1DC0F4C2006C7628 /* Release */,
			);
			defaultConfigurationIsVisible = 0;
			defaultConfigurationName = Release;
		};
		20E16E1B1DC0F4C2006C7628 /* Build configuration list for PBXNativeTarget "TestProjectUITests" */ = {
			isa = XCConfigurationList;
			buildConfigurations = (
				20E16E1C1DC0F4C2006C7628 /* Debug */,
				20E16E1D1DC0F4C2006C7628 /* Release */,
			);
			defaultConfigurationIsVisible = 0;
			defaultConfigurationName = Release;
		};
/* End XCConfigurationList section */
	};
	rootObject = 20E16DE51DC0F4C2006C7628 /* Project object */;
}
